// !$*UTF8*$!
{
	archiveVersion = 1;
	classes = {
	};
	objectVersion = 46;
	objects = {

/* Begin PBXBuildFile section */
		84E4F7621CD257C700FF917F /* main.m in Sources */ = {isa = PBXBuildFile; fileRef = 84E4F7611CD257C700FF917F /* main.m */; };
		84E4F7651CD257C700FF917F /* AppDelegate.m in Sources */ = {isa = PBXBuildFile; fileRef = 84E4F7641CD257C700FF917F /* AppDelegate.m */; };
		84E4F7681CD257C700FF917F /* FotoViewController.m in Sources */ = {isa = PBXBuildFile; fileRef = 84E4F7671CD257C700FF917F /* FotoViewController.m */; };
		84E4F76B1CD257C700FF917F /* Main.storyboard in Resources */ = {isa = PBXBuildFile; fileRef = 84E4F7691CD257C700FF917F /* Main.storyboard */; };
		84E4F76D1CD257C700FF917F /* Assets.xcassets in Resources */ = {isa = PBXBuildFile; fileRef = 84E4F76C1CD257C700FF917F /* Assets.xcassets */; };
		84E4F7701CD257C700FF917F /* LaunchScreen.storyboard in Resources */ = {isa = PBXBuildFile; fileRef = 84E4F76E1CD257C700FF917F /* LaunchScreen.storyboard */; };
		84E4F7791CD25D4500FF917F /* EducationViewController.m in Sources */ = {isa = PBXBuildFile; fileRef = 84E4F7781CD25D4500FF917F /* EducationViewController.m */; };
		84E4F77C1CD25DCC00FF917F /* SummaryViewController.m in Sources */ = {isa = PBXBuildFile; fileRef = 84E4F77B1CD25DCC00FF917F /* SummaryViewController.m */; };
		84E4F77F1CD25DE200FF917F /* InterestsViewController.m in Sources */ = {isa = PBXBuildFile; fileRef = 84E4F77E1CD25DE200FF917F /* InterestsViewController.m */; };
		84E4F7821CD25E4400FF917F /* MainTableViewController.m in Sources */ = {isa = PBXBuildFile; fileRef = 84E4F7811CD25E4400FF917F /* MainTableViewController.m */; };
		84EFEDED1CD4D0F600E6E0C4 /* WhyViewController.m in Sources */ = {isa = PBXBuildFile; fileRef = 84EFEDEC1CD4D0F600E6E0C4 /* WhyViewController.m */; };
/* End PBXBuildFile section */

/* Begin PBXFileReference section */
		84E4F75D1CD257C700FF917F /* Summary.app */ = {isa = PBXFileReference; explicitFileType = wrapper.application; includeInIndex = 0; path = Summary.app; sourceTree = BUILT_PRODUCTS_DIR; };
		84E4F7611CD257C700FF917F /* main.m */ = {isa = PBXFileReference; lastKnownFileType = sourcecode.c.objc; path = main.m; sourceTree = "<group>"; };
		84E4F7631CD257C700FF917F /* AppDelegate.h */ = {isa = PBXFileReference; lastKnownFileType = sourcecode.c.h; path = AppDelegate.h; sourceTree = "<group>"; };
		84E4F7641CD257C700FF917F /* AppDelegate.m */ = {isa = PBXFileReference; lastKnownFileType = sourcecode.c.objc; path = AppDelegate.m; sourceTree = "<group>"; };
		84E4F7661CD257C700FF917F /* FotoViewController.h */ = {isa = PBXFileReference; lastKnownFileType = sourcecode.c.h; path = FotoViewController.h; sourceTree = "<group>"; };
		84E4F7671CD257C700FF917F /* FotoViewController.m */ = {isa = PBXFileReference; lastKnownFileType = sourcecode.c.objc; path = FotoViewController.m; sourceTree = "<group>"; };
		84E4F76A1CD257C700FF917F /* Base */ = {isa = PBXFileReference; lastKnownFileType = file.storyboard; name = Base; path = Base.lproj/Main.storyboard; sourceTree = "<group>"; };
		84E4F76C1CD257C700FF917F /* Assets.xcassets */ = {isa = PBXFileReference; lastKnownFileType = folder.assetcatalog; path = Assets.xcassets; sourceTree = "<group>"; };
		84E4F76F1CD257C700FF917F /* Base */ = {isa = PBXFileReference; lastKnownFileType = file.storyboard; name = Base; path = Base.lproj/LaunchScreen.storyboard; sourceTree = "<group>"; };
		84E4F7711CD257C700FF917F /* Info.plist */ = {isa = PBXFileReference; lastKnownFileType = text.plist.xml; path = Info.plist; sourceTree = "<group>"; };
		84E4F7771CD25D4500FF917F /* EducationViewController.h */ = {isa = PBXFileReference; fileEncoding = 4; lastKnownFileType = sourcecode.c.h; path = EducationViewController.h; sourceTree = "<group>"; };
		84E4F7781CD25D4500FF917F /* EducationViewController.m */ = {isa = PBXFileReference; fileEncoding = 4; lastKnownFileType = sourcecode.c.objc; path = EducationViewController.m; sourceTree = "<group>"; };
		84E4F77A1CD25DCC00FF917F /* SummaryViewController.h */ = {isa = PBXFileReference; fileEncoding = 4; lastKnownFileType = sourcecode.c.h; path = SummaryViewController.h; sourceTree = "<group>"; };
		84E4F77B1CD25DCC00FF917F /* SummaryViewController.m */ = {isa = PBXFileReference; fileEncoding = 4; lastKnownFileType = sourcecode.c.objc; path = SummaryViewController.m; sourceTree = "<group>"; };
		84E4F77D1CD25DE200FF917F /* InterestsViewController.h */ = {isa = PBXFileReference; fileEncoding = 4; lastKnownFileType = sourcecode.c.h; path = InterestsViewController.h; sourceTree = "<group>"; };
		84E4F77E1CD25DE200FF917F /* InterestsViewController.m */ = {isa = PBXFileReference; fileEncoding = 4; lastKnownFileType = sourcecode.c.objc; path = InterestsViewController.m; sourceTree = "<group>"; };
		84E4F7801CD25E4400FF917F /* MainTableViewController.h */ = {isa = PBXFileReference; fileEncoding = 4; lastKnownFileType = sourcecode.c.h; path = MainTableViewController.h; sourceTree = "<group>"; };
		84E4F7811CD25E4400FF917F /* MainTableViewController.m */ = {isa = PBXFileReference; fileEncoding = 4; lastKnownFileType = sourcecode.c.objc; path = MainTableViewController.m; sourceTree = "<group>"; };
		84EFEDEB1CD4D0F600E6E0C4 /* WhyViewController.h */ = {isa = PBXFileReference; fileEncoding = 4; lastKnownFileType = sourcecode.c.h; path = WhyViewController.h; sourceTree = "<group>"; };
		84EFEDEC1CD4D0F600E6E0C4 /* WhyViewController.m */ = {isa = PBXFileReference; fileEncoding = 4; lastKnownFileType = sourcecode.c.objc; path = WhyViewController.m; sourceTree = "<group>"; };
/* End PBXFileReference section */

/* Begin PBXFrameworksBuildPhase section */
		84E4F75A1CD257C700FF917F /* Frameworks */ = {
			isa = PBXFrameworksBuildPhase;
			buildActionMask = 2147483647;
			files = (
			);
			runOnlyForDeploymentPostprocessing = 0;
		};
/* End PBXFrameworksBuildPhase section */

/* Begin PBXGroup section */
		84E4F7541CD257C600FF917F = {
			isa = PBXGroup;
			children = (
				84E4F75F1CD257C700FF917F /* Summary */,
				84E4F75E1CD257C700FF917F /* Products */,
			);
			sourceTree = "<group>";
		};
		84E4F75E1CD257C700FF917F /* Products */ = {
			isa = PBXGroup;
			children = (
				84E4F75D1CD257C700FF917F /* Summary.app */,
			);
			name = Products;
			sourceTree = "<group>";
		};
		84E4F75F1CD257C700FF917F /* Summary */ = {
			isa = PBXGroup;
			children = (
				84E4F7631CD257C700FF917F /* AppDelegate.h */,
				84E4F7641CD257C700FF917F /* AppDelegate.m */,
				84E4F7801CD25E4400FF917F /* MainTableViewController.h */,
				84E4F7811CD25E4400FF917F /* MainTableViewController.m */,
				84E4F7691CD257C700FF917F /* Main.storyboard */,
				84E4F76C1CD257C700FF917F /* Assets.xcassets */,
				84E4F76E1CD257C700FF917F /* LaunchScreen.storyboard */,
				84E4F7711CD257C700FF917F /* Info.plist */,
				84E4F7601CD257C700FF917F /* Supporting Files */,
				84E4F7661CD257C700FF917F /* FotoViewController.h */,
				84E4F7671CD257C700FF917F /* FotoViewController.m */,
				84E4F7771CD25D4500FF917F /* EducationViewController.h */,
				84E4F7781CD25D4500FF917F /* EducationViewController.m */,
				84E4F77A1CD25DCC00FF917F /* SummaryViewController.h */,
				84E4F77B1CD25DCC00FF917F /* SummaryViewController.m */,
				84E4F77D1CD25DE200FF917F /* InterestsViewController.h */,
				84E4F77E1CD25DE200FF917F /* InterestsViewController.m */,
				84EFEDEB1CD4D0F600E6E0C4 /* WhyViewController.h */,
				84EFEDEC1CD4D0F600E6E0C4 /* WhyViewController.m */,
			);
			path = Summary;
			sourceTree = "<group>";
		};
		84E4F7601CD257C700FF917F /* Supporting Files */ = {
			isa = PBXGroup;
			children = (
				84E4F7611CD257C700FF917F /* main.m */,
			);
			name = "Supporting Files";
			sourceTree = "<group>";
		};
/* End PBXGroup section */

/* Begin PBXNativeTarget section */
		84E4F75C1CD257C700FF917F /* Summary */ = {
			isa = PBXNativeTarget;
			buildConfigurationList = 84E4F7741CD257C700FF917F /* Build configuration list for PBXNativeTarget "Summary" */;
			buildPhases = (
				84E4F7591CD257C700FF917F /* Sources */,
				84E4F75A1CD257C700FF917F /* Frameworks */,
				84E4F75B1CD257C700FF917F /* Resources */,
			);
			buildRules = (
			);
			dependencies = (
			);
			name = Summary;
			productName = Summary;
			productReference = 84E4F75D1CD257C700FF917F /* Summary.app */;
			productType = "com.apple.product-type.application";
		};
/* End PBXNativeTarget section */

/* Begin PBXProject section */
		84E4F7551CD257C600FF917F /* Project object */ = {
			isa = PBXProject;
			attributes = {
				LastUpgradeCheck = 0720;
				ORGANIZATIONNAME = "Ehlakov Victor";
				TargetAttributes = {
					84E4F75C1CD257C700FF917F = {
						CreatedOnToolsVersion = 7.2;
					};
				};
			};
			buildConfigurationList = 84E4F7581CD257C600FF917F /* Build configuration list for PBXProject "Summary" */;
			compatibilityVersion = "Xcode 3.2";
			developmentRegion = English;
			hasScannedForEncodings = 0;
			knownRegions = (
				en,
				Base,
			);
			mainGroup = 84E4F7541CD257C600FF917F;
			productRefGroup = 84E4F75E1CD257C700FF917F /* Products */;
			projectDirPath = "";
			projectRoot = "";
			targets = (
				84E4F75C1CD257C700FF917F /* Summary */,
			);
		};
/* End PBXProject section */

/* Begin PBXResourcesBuildPhase section */
		84E4F75B1CD257C700FF917F /* Resources */ = {
			isa = PBXResourcesBuildPhase;
			buildActionMask = 2147483647;
			files = (
				84E4F7701CD257C700FF917F /* LaunchScreen.storyboard in Resources */,
				84E4F76D1CD257C700FF917F /* Assets.xcassets in Resources */,
				84E4F76B1CD257C700FF917F /* Main.storyboard in Resources */,
			);
			runOnlyForDeploymentPostprocessing = 0;
		};
/* End PBXResourcesBuildPhase section */

/* Begin PBXSourcesBuildPhase section */
		84E4F7591CD257C700FF917F /* Sources */ = {
			isa = PBXSourcesBuildPhase;
			buildActionMask = 2147483647;
			files = (
				84E4F7681CD257C700FF917F /* FotoViewController.m in Sources */,
				84E4F7651CD257C700FF917F /* AppDelegate.m in Sources */,
				84E4F7821CD25E4400FF917F /* MainTableViewController.m in Sources */,
				84E4F77F1CD25DE200FF917F /* InterestsViewController.m in Sources */,
				84E4F7621CD257C700FF917F /* main.m in Sources */,
				84EFEDED1CD4D0F600E6E0C4 /* WhyViewController.m in Sources */,
				84E4F77C1CD25DCC00FF917F /* SummaryViewController.m in Sources */,
				84E4F7791CD25D4500FF917F /* EducationViewController.m in Sources */,
			);
			runOnlyForDeploymentPostprocessing = 0;
		};
/* End PBXSourcesBuildPhase section */

/* Begin PBXVariantGroup section */
		84E4F7691CD257C700FF917F /* Main.storyboard */ = {
			isa = PBXVariantGroup;
			children = (
				84E4F76A1CD257C700FF917F /* Base */,
			);
			name = Main.storyboard;
			sourceTree = "<group>";
		};
		84E4F76E1CD257C700FF917F /* LaunchScreen.storyboard */ = {
			isa = PBXVariantGroup;
			children = (
				84E4F76F1CD257C700FF917F /* Base */,
			);
			name = LaunchScreen.storyboard;
			sourceTree = "<group>";
		};
/* End PBXVariantGroup section */

/* Begin XCBuildConfiguration section */
		84E4F7721CD257C700FF917F /* Debug */ = {
			isa = XCBuildConfiguration;
			buildSettings = {
				ALWAYS_SEARCH_USER_PATHS = NO;
				CLANG_CXX_LANGUAGE_STANDARD = "gnu++0x";
				CLANG_CXX_LIBRARY = "libc++";
				CLANG_ENABLE_MODULES = YES;
				CLANG_ENABLE_OBJC_ARC = YES;
				CLANG_WARN_BOOL_CONVERSION = YES;
				CLANG_WARN_CONSTANT_CONVERSION = YES;
				CLANG_WARN_DIRECT_OBJC_ISA_USAGE = YES_ERROR;
				CLANG_WARN_EMPTY_BODY = YES;
				CLANG_WARN_ENUM_CONVERSION = YES;
				CLANG_WARN_INT_CONVERSION = YES;
				CLANG_WARN_OBJC_ROOT_CLASS = YES_ERROR;
				CLANG_WARN_UNREACHABLE_CODE = YES;
				CLANG_WARN__DUPLICATE_METHOD_MATCH = YES;
				"CODE_SIGN_IDENTITY[sdk=iphoneos*]" = "iPhone Developer";
				COPY_PHASE_STRIP = NO;
				DEBUG_INFORMATION_FORMAT = dwarf;
				ENABLE_STRICT_OBJC_MSGSEND = YES;
				ENABLE_TESTABILITY = YES;
				GCC_C_LANGUAGE_STANDARD = gnu99;
				GCC_DYNAMIC_NO_PIC = NO;
				GCC_NO_COMMON_BLOCKS = YES;
				GCC_OPTIMIZATION_LEVEL = 0;
				GCC_PREPROCESSOR_DEFINITIONS = (
					"DEBUG=1",
					"$(inherited)",
				);
				GCC_WARN_64_TO_32_BIT_CONVERSION = YES;
				GCC_WARN_ABOUT_RETURN_TYPE = YES_ERROR;
				GCC_WARN_UNDECLARED_SELECTOR = YES;
				GCC_WARN_UNINITIALIZED_AUTOS = YES_AGGRESSIVE;
				GCC_WARN_UNUSED_FUNCTION = YES;
				GCC_WARN_UNUSED_VARIABLE = YES;
				IPHONEOS_DEPLOYMENT_TARGET = 9.2;
				MTL_ENABLE_DEBUG_INFO = YES;
				ONLY_ACTIVE_ARCH = YES;
				SDKROOT = iphoneos;
				TARGETED_DEVICE_FAMILY = "1,2";
			};
			name = Debug;
		};
		84E4F7731CD257C700FF917F /* Release */ = {
			isa = XCBuildConfiguration;
			buildSettings = {
				ALWAYS_SEARCH_USER_PATHS = NO;
				CLANG_CXX_LANGUAGE_STANDARD = "gnu++0x";
				CLANG_CXX_LIBRARY = "libc++";
				CLANG_ENABLE_MODULES = YES;
				CLANG_ENABLE_OBJC_ARC = YES;
				CLANG_WARN_BOOL_CONVERSION = YES;
				CLANG_WARN_CONSTANT_CONVERSION = YES;
				CLANG_WARN_DIRECT_OBJC_ISA_USAGE = YES_ERROR;
				CLANG_WARN_EMPTY_BODY = YES;
				CLANG_WARN_ENUM_CONVERSION = YES;
				CLANG_WARN_INT_CONVERSION = YES;
				CLANG_WARN_OBJC_ROOT_CLASS = YES_ERROR;
				CLANG_WARN_UNREACHABLE_CODE = YES;
				CLANG_WARN__DUPLICATE_METHOD_MATCH = YES;
				"CODE_SIGN_IDENTITY[sdk=iphoneos*]" = "iPhone Developer";
				COPY_PHASE_STRIP = NO;
				DEBUG_INFORMATION_FORMAT = "dwarf-with-dsym";
				ENABLE_NS_ASSERTIONS = NO;
				ENABLE_STRICT_OBJC_MSGSEND = YES;
				GCC_C_LANGUAGE_STANDARD = gnu99;
				GCC_NO_COMMON_BLOCKS = YES;
				GCC_WARN_64_TO_32_BIT_CONVERSION = YES;
				GCC_WARN_ABOUT_RETURN_TYPE = YES_ERROR;
				GCC_WARN_UNDECLARED_SELECTOR = YES;
				GCC_WARN_UNINITIALIZED_AUTOS = YES_AGGRESSIVE;
				GCC_WARN_UNUSED_FUNCTION = YES;
				GCC_WARN_UNUSED_VARIABLE = YES;
				IPHONEOS_DEPLOYMENT_TARGET = 9.2;
				MTL_ENABLE_DEBUG_INFO = NO;
				SDKROOT = iphoneos;
				TARGETED_DEVICE_FAMILY = "1,2";
				VALIDATE_PRODUCT = YES;
			};
			name = Release;
		};
		84E4F7751CD257C700FF917F /* Debug */ = {
			isa = XCBuildConfiguration;
			buildSettings = {
				ASSETCATALOG_COMPILER_APPICON_NAME = AppIcon;
				INFOPLIST_FILE = Summary/Info.plist;
				LD_RUNPATH_SEARCH_PATHS = "$(inherited) @executable_path/Frameworks";
				PRODUCT_BUNDLE_IDENTIFIER = EVA.Summary;
				PRODUCT_NAME = "$(TARGET_NAME)";
			};
			name = Debug;
		};
		84E4F7761CD257C700FF917F /* Release */ = {
			isa = XCBuildConfiguration;
			buildSettings = {
				ASSETCATALOG_COMPILER_APPICON_NAME = AppIcon;
				INFOPLIST_FILE = Summary/Info.plist;
				LD_RUNPATH_SEARCH_PATHS = "$(inherited) @executable_path/Frameworks";
				PRODUCT_BUNDLE_IDENTIFIER = EVA.Summary;
				PRODUCT_NAME = "$(TARGET_NAME)";
			};
			name = Release;
		};
/* End XCBuildConfiguration section */

/* Begin XCConfigurationList section */
		84E4F7581CD257C600FF917F /* Build configuration list for PBXProject "Summary" */ = {
			isa = XCConfigurationList;
			buildConfigurations = (
				84E4F7721CD257C700FF917F /* Debug */,
				84E4F7731CD257C700FF917F /* Release */,
			);
			defaultConfigurationIsVisible = 0;
			defaultConfigurationName = Release;
		};
		84E4F7741CD257C700FF917F /* Build configuration list for PBXNativeTarget "Summary" */ = {
			isa = XCConfigurationList;
			buildConfigurations = (
				84E4F7751CD257C700FF917F /* Debug */,
				84E4F7761CD257C700FF917F /* Release */,
			);
			defaultConfigurationIsVisible = 0;
			defaultConfigurationName = Release;
		};
/* End XCConfigurationList section */
	};
	rootObject = 84E4F7551CD257C600FF917F /* Project object */;
}
